// !$*UTF8*$!
{
	archiveVersion = 1;
	classes = {
	};
	objectVersion = 46;
	objects = {

/* Begin PBXBuildFile section */
		6F2F04B41B45609D007184D3 /* QuickRearrangeTableView.swift in Sources */ = {isa = PBXBuildFile; fileRef = 6F2F04B31B45609D007184D3 /* QuickRearrangeTableView.swift */; };
		6F3C9B8C1AA07175006360EA /* AppDelegate.swift in Sources */ = {isa = PBXBuildFile; fileRef = 6F3C9B8B1AA07175006360EA /* AppDelegate.swift */; };
		6F3C9B8E1AA07175006360EA /* ViewController.swift in Sources */ = {isa = PBXBuildFile; fileRef = 6F3C9B8D1AA07175006360EA /* ViewController.swift */; };
		6F4D4ADE1CA579310003E55F /* TableView.swift in Sources */ = {isa = PBXBuildFile; fileRef = 6F4D4ADD1CA579310003E55F /* TableView.swift */; };
/* End PBXBuildFile section */

/* Begin PBXFileReference section */
		6F2F04B31B45609D007184D3 /* QuickRearrangeTableView.swift */ = {isa = PBXFileReference; fileEncoding = 4; lastKnownFileType = sourcecode.swift; name = QuickRearrangeTableView.swift; path = ../../QuickRearrangeTableView.swift; sourceTree = "<group>"; };
		6F3C9B861AA07175006360EA /* Example.app */ = {isa = PBXFileReference; explicitFileType = wrapper.application; includeInIndex = 0; path = Example.app; sourceTree = BUILT_PRODUCTS_DIR; };
		6F3C9B8A1AA07175006360EA /* Info.plist */ = {isa = PBXFileReference; lastKnownFileType = text.plist.xml; path = Info.plist; sourceTree = "<group>"; };
		6F3C9B8B1AA07175006360EA /* AppDelegate.swift */ = {isa = PBXFileReference; lastKnownFileType = sourcecode.swift; path = AppDelegate.swift; sourceTree = "<group>"; };
		6F3C9B8D1AA07175006360EA /* ViewController.swift */ = {isa = PBXFileReference; lastKnownFileType = sourcecode.swift; path = ViewController.swift; sourceTree = "<group>"; };
		6F4D4ADD1CA579310003E55F /* TableView.swift */ = {isa = PBXFileReference; fileEncoding = 4; lastKnownFileType = sourcecode.swift; path = TableView.swift; sourceTree = "<group>"; };
/* End PBXFileReference section */

/* Begin PBXFrameworksBuildPhase section */
		6F3C9B831AA07175006360EA /* Frameworks */ = {
			isa = PBXFrameworksBuildPhase;
			buildActionMask = 2147483647;
			files = (
			);
			runOnlyForDeploymentPostprocessing = 0;
		};
/* End PBXFrameworksBuildPhase section */

/* Begin PBXGroup section */
		6F3C9B7D1AA07175006360EA = {
			isa = PBXGroup;
			children = (
				6F3C9B881AA07175006360EA /* Example */,
				6F3C9B891AA07175006360EA /* Supporting Files */,
				6F3C9B871AA07175006360EA /* Products */,
			);
			sourceTree = "<group>";
		};
		6F3C9B871AA07175006360EA /* Products */ = {
			isa = PBXGroup;
			children = (
				6F3C9B861AA07175006360EA /* Example.app */,
			);
			name = Products;
			sourceTree = "<group>";
		};
		6F3C9B881AA07175006360EA /* Example */ = {
			isa = PBXGroup;
			children = (
				6F3C9B8B1AA07175006360EA /* AppDelegate.swift */,
				6F2F04B31B45609D007184D3 /* QuickRearrangeTableView.swift */,
				6F4D4ADD1CA579310003E55F /* TableView.swift */,
				6F3C9B8D1AA07175006360EA /* ViewController.swift */,
			);
			name = Example;
			path = App;
			sourceTree = "<group>";
		};
		6F3C9B891AA07175006360EA /* Supporting Files */ = {
			isa = PBXGroup;
			children = (
				6F3C9B8A1AA07175006360EA /* Info.plist */,
			);
			name = "Supporting Files";
			path = App;
			sourceTree = "<group>";
		};
/* End PBXGroup section */

/* Begin PBXNativeTarget section */
		6F3C9B851AA07175006360EA /* Example */ = {
			isa = PBXNativeTarget;
			buildConfigurationList = 6F3C9BA51AA07175006360EA /* Build configuration list for PBXNativeTarget "Example" */;
			buildPhases = (
				6F3C9B821AA07175006360EA /* Sources */,
				6F3C9B831AA07175006360EA /* Frameworks */,
				6F3C9B841AA07175006360EA /* Resources */,
			);
			buildRules = (
			);
			dependencies = (
			);
			name = Example;
			productName = App;
			productReference = 6F3C9B861AA07175006360EA /* Example.app */;
			productType = "com.apple.product-type.application";
		};
/* End PBXNativeTarget section */

/* Begin PBXProject section */
		6F3C9B7E1AA07175006360EA /* Project object */ = {
			isa = PBXProject;
			attributes = {
				LastSwiftUpdateCheck = 0700;
				LastUpgradeCheck = 0700;
				ORGANIZATIONNAME = "Sergey Pershenkov";
				TargetAttributes = {
					6F3C9B851AA07175006360EA = {
						CreatedOnToolsVersion = 6.3;
						LastSwiftMigration = 0830;
					};
				};
			};
			buildConfigurationList = 6F3C9B811AA07175006360EA /* Build configuration list for PBXProject "Example" */;
			compatibilityVersion = "Xcode 3.2";
			developmentRegion = English;
			hasScannedForEncodings = 0;
			knownRegions = (
				en,
				Base,
			);
			mainGroup = 6F3C9B7D1AA07175006360EA;
			productRefGroup = 6F3C9B871AA07175006360EA /* Products */;
			projectDirPath = "";
			projectRoot = "";
			targets = (
				6F3C9B851AA07175006360EA /* Example */,
			);
		};
/* End PBXProject section */

/* Begin PBXResourcesBuildPhase section */
		6F3C9B841AA07175006360EA /* Resources */ = {
			isa = PBXResourcesBuildPhase;
			buildActionMask = 2147483647;
			files = (
			);
			runOnlyForDeploymentPostprocessing = 0;
		};
/* End PBXResourcesBuildPhase section */

/* Begin PBXSourcesBuildPhase section */
		6F3C9B821AA07175006360EA /* Sources */ = {
			isa = PBXSourcesBuildPhase;
			buildActionMask = 2147483647;
			files = (
				6F2F04B41B45609D007184D3 /* QuickRearrangeTableView.swift in Sources */,
				6F4D4ADE1CA579310003E55F /* TableView.swift in Sources */,
				6F3C9B8E1AA07175006360EA /* ViewController.swift in Sources */,
				6F3C9B8C1AA07175006360EA /* AppDelegate.swift in Sources */,
			);
			runOnlyForDeploymentPostprocessing = 0;
		};
/* End PBXSourcesBuildPhase section */

/* Begin XCBuildConfiguration section */
		6F3C9BA31AA07175006360EA /* Debug */ = {
			isa = XCBuildConfiguration;
			buildSettings = {
				ALWAYS_SEARCH_USER_PATHS = NO;
				CLANG_CXX_LANGUAGE_STANDARD = "gnu++0x";
				CLANG_CXX_LIBRARY = "libc++";
				CLANG_ENABLE_MODULES = YES;
				CLANG_ENABLE_OBJC_ARC = YES;
				CLANG_WARN_BOOL_CONVERSION = YES;
				CLANG_WARN_CONSTANT_CONVERSION = YES;
				CLANG_WARN_DIRECT_OBJC_ISA_USAGE = YES_ERROR;
				CLANG_WARN_EMPTY_BODY = YES;
				CLANG_WARN_ENUM_CONVERSION = YES;
				CLANG_WARN_INT_CONVERSION = YES;
				CLANG_WARN_OBJC_ROOT_CLASS = YES_ERROR;
				CLANG_WARN_UNREACHABLE_CODE = YES;
				CLANG_WARN__DUPLICATE_METHOD_MATCH = YES;
				"CODE_SIGN_IDENTITY[sdk=iphoneos*]" = "iPhone Developer";
				COPY_PHASE_STRIP = NO;
				DEBUG_INFORMATION_FORMAT = dwarf;
				ENABLE_STRICT_OBJC_MSGSEND = YES;
				ENABLE_TESTABILITY = YES;
				GCC_C_LANGUAGE_STANDARD = gnu99;
				GCC_DYNAMIC_NO_PIC = NO;
				GCC_NO_COMMON_BLOCKS = YES;
				GCC_OPTIMIZATION_LEVEL = 0;
				GCC_PREPROCESSOR_DEFINITIONS = (
					"DEBUG=1",
					"$(inherited)",
				);
				GCC_SYMBOLS_PRIVATE_EXTERN = NO;
				GCC_WARN_64_TO_32_BIT_CONVERSION = YES;
				GCC_WARN_ABOUT_RETURN_TYPE = YES_ERROR;
				GCC_WARN_UNDECLARED_SELECTOR = YES;
				GCC_WARN_UNINITIALIZED_AUTOS = YES_AGGRESSIVE;
				GCC_WARN_UNUSED_FUNCTION = YES;
				GCC_WARN_UNUSED_VARIABLE = YES;
				IPHONEOS_DEPLOYMENT_TARGET = 8.3;
				MTL_ENABLE_DEBUG_INFO = YES;
				ONLY_ACTIVE_ARCH = YES;
				SDKROOT = iphoneos;
				SWIFT_OPTIMIZATION_LEVEL = "-Onone";
			};
			name = Debug;
		};
		6F3C9BA41AA07175006360EA /* Release */ = {
			isa = XCBuildConfiguration;
			buildSettings = {
				ALWAYS_SEARCH_USER_PATHS = NO;
				CLANG_CXX_LANGUAGE_STANDARD = "gnu++0x";
				CLANG_CXX_LIBRARY = "libc++";
				CLANG_ENABLE_MODULES = YES;
				CLANG_ENABLE_OBJC_ARC = YES;
				CLANG_WARN_BOOL_CONVERSION = YES;
				CLANG_WARN_CONSTANT_CONVERSION = YES;
				CLANG_WARN_DIRECT_OBJC_ISA_USAGE = YES_ERROR;
				CLANG_WARN_EMPTY_BODY = YES;
				CLANG_WARN_ENUM_CONVERSION = YES;
				CLANG_WARN_INT_CONVERSION = YES;
				CLANG_WARN_OBJC_ROOT_CLASS = YES_ERROR;
				CLANG_WARN_UNREACHABLE_CODE = YES;
				CLANG_WARN__DUPLICATE_METHOD_MATCH = YES;
				"CODE_SIGN_IDENTITY[sdk=iphoneos*]" = "iPhone Developer";
				COPY_PHASE_STRIP = NO;
				DEBUG_INFORMATION_FORMAT = "dwarf-with-dsym";
				ENABLE_NS_ASSERTIONS = NO;
				ENABLE_STRICT_OBJC_MSGSEND = YES;
				GCC_C_LANGUAGE_STANDARD = gnu99;
				GCC_NO_COMMON_BLOCKS = YES;
				GCC_WARN_64_TO_32_BIT_CONVERSION = YES;
				GCC_WARN_ABOUT_RETURN_TYPE = YES_ERROR;
				GCC_WARN_UNDECLARED_SELECTOR = YES;
				GCC_WARN_UNINITIALIZED_AUTOS = YES_AGGRESSIVE;
				GCC_WARN_UNUSED_FUNCTION = YES;
				GCC_WARN_UNUSED_VARIABLE = YES;
				IPHONEOS_DEPLOYMENT_TARGET = 8.3;
				MTL_ENABLE_DEBUG_INFO = NO;
				SDKROOT = iphoneos;
				VALIDATE_PRODUCT = YES;
			};
			name = Release;
		};
		6F3C9BA61AA07175006360EA /* Debug */ = {
			isa = XCBuildConfiguration;
			buildSettings = {
				INFOPLIST_FILE = App/Info.plist;
				IPHONEOS_DEPLOYMENT_TARGET = 8.0;
				LD_RUNPATH_SEARCH_PATHS = "$(inherited) @executable_path/Frameworks";
				PRODUCT_BUNDLE_IDENTIFIER = "Sergey-Pershenkov.$(PRODUCT_NAME:rfc1034identifier)";
				PRODUCT_NAME = Example;
				SWIFT_VERSION = 3.0;
			};
			name = Debug;
		};
		6F3C9BA71AA07175006360EA /* Release */ = {
			isa = XCBuildConfiguration;
			buildSettings = {
				INFOPLIST_FILE = App/Info.plist;
				IPHONEOS_DEPLOYMENT_TARGET = 8.0;
				LD_RUNPATH_SEARCH_PATHS = "$(inherited) @executable_path/Frameworks";
				PRODUCT_BUNDLE_IDENTIFIER = "Sergey-Pershenkov.$(PRODUCT_NAME:rfc1034identifier)";
				PRODUCT_NAME = Example;
				SWIFT_VERSION = 3.0;
			};
			name = Release;
		};
/* End XCBuildConfiguration section */

/* Begin XCConfigurationList section */
		6F3C9B811AA07175006360EA /* Build configuration list for PBXProject "Example" */ = {
			isa = XCConfigurationList;
			buildConfigurations = (
				6F3C9BA31AA07175006360EA /* Debug */,
				6F3C9BA41AA07175006360EA /* Release */,
			);
			defaultConfigurationIsVisible = 0;
			defaultConfigurationName = Release;
		};
		6F3C9BA51AA07175006360EA /* Build configuration list for PBXNativeTarget "Example" */ = {
			isa = XCConfigurationList;
			buildConfigurations = (
				6F3C9BA61AA07175006360EA /* Debug */,
				6F3C9BA71AA07175006360EA /* Release */,
			);
			defaultConfigurationIsVisible = 0;
			defaultConfigurationName = Release;
		};
/* End XCConfigurationList section */
	};
	rootObject = 6F3C9B7E1AA07175006360EA /* Project object */;
}
